/*
This is a easy c# procedure , this produre can help me known different type variable.
*/
using System;
using System.Collections.Generic;
using System.Linq;
using System.Text;
using System.Threading.Tasks;

namespace differenttype
{
    class Program
    {
        static void Main(string[] args)
        {
            bool flag = false;
            int a = 10;
            short b = 2;
            float c = 6.28f;
            string d = "USTH";
            Console.WriteLine("布尔型 = "+flag);
            Console.WriteLine("整形 = "+a);
            Console.WriteLine("短整型 = "+b);
            Console.WriteLine("浮点型 = "+c);
            Console.WriteLine("字符型 = "+d);
            Console.ReadLine();
        }
    }
}
